
Microsoft Visual Studio Solution File, Format Version 12.00
# Visual Studio 14
VisualStudioVersion = 14.0.23107.0
MinimumVisualStudioVersion = 10.0.40219.1
Project("{FAE04EC0-301F-11D3-BF4B-00C04F79EFBC}") = "Two10.CountryLookup", "Two10.CountryLookup\Two10.CountryLookup.csproj", "{74F9747D-2B2B-4F0C-824D-BBBB9F0A0389}"
EndProject
Project("{FAE04EC0-301F-11D3-BF4B-00C04F79EFBC}") = "Two10.CountryLookup.Tests", "Two10.CountryLookup.Tests\Two10.CountryLookup.Tests.csproj", "{129413A0-7A7A-4826-98B3-A433C41E7C5D}"
EndProject
Global
	GlobalSection(SolutionConfigurationPlatforms) = preSolution
		Debug|Any CPU = Debug|Any CPU
		Release|Any CPU = Release|Any CPU
	EndGlobalSection
	GlobalSection(ProjectConfigurationPlatforms) = postSolution
		{74F9747D-2B2B-4F0C-824D-BBBB9F0A0389}.Debug|Any CPU.ActiveCfg = Debug|Any CPU
		{74F9747D-2B2B-4F0C-824D-BBBB9F0A0389}.Debug|Any CPU.Build.0 = Debug|Any CPU
		{74F9747D-2B2B-4F0C-824D-BBBB9F0A0389}.Release|Any CPU.ActiveCfg = Release|Any CPU
		{74F9747D-2B2B-4F0C-824D-BBBB9F0A0389}.Release|Any CPU.Build.0 = Release|Any CPU
		{129413A0-7A7A-4826-98B3-A433C41E7C5D}.Debug|Any CPU.ActiveCfg = Debug|Any CPU
		{129413A0-7A7A-4826-98B3-A433C41E7C5D}.Debug|Any CPU.Build.0 = Debug|Any CPU
		{129413A0-7A7A-4826-98B3-A433C41E7C5D}.Release|Any CPU.ActiveCfg = Release|Any CPU
		{129413A0-7A7A-4826-98B3-A433C41E7C5D}.Release|Any CPU.Build.0 = Release|Any CPU
	EndGlobalSection
	GlobalSection(SolutionProperties) = preSolution
		HideSolutionNode = FALSE
	EndGlobalSection
EndGlobal
